
Microsoft Visual Studio Solution File, Format Version 12.00
# Visual Studio 15
Project("{FAE04EC0-301F-11D3-BF4B-00C04F79EFBC}") = "Assembly-CSharp", "Assembly-CSharp.csproj", "{DFA49C0E-D1E5-34B9-7705-81A1FC765AC4}"
EndProject
Project("{FAE04EC0-301F-11D3-BF4B-00C04F79EFBC}") = "Assembly-CSharp-Editor", "Assembly-CSharp-Editor.csproj", "{431CDE24-8188-F7A5-E317-53AB6D612DF0}"
EndProject
Global
	GlobalSection(SolutionConfigurationPlatforms) = preSolution
		Debug|Any CPU = Debug|Any CPU
		Release|Any CPU = Release|Any CPU
	EndGlobalSection
	GlobalSection(ProjectConfigurationPlatforms) = postSolution
		{DFA49C0E-D1E5-34B9-7705-81A1FC765AC4}.Debug|Any CPU.ActiveCfg = Debug|Any CPU
		{DFA49C0E-D1E5-34B9-7705-81A1FC765AC4}.Debug|Any CPU.Build.0 = Debug|Any CPU
		{DFA49C0E-D1E5-34B9-7705-81A1FC765AC4}.Release|Any CPU.ActiveCfg = Release|Any CPU
		{DFA49C0E-D1E5-34B9-7705-81A1FC765AC4}.Release|Any CPU.Build.0 = Release|Any CPU
		{431CDE24-8188-F7A5-E317-53AB6D612DF0}.Debug|Any CPU.ActiveCfg = Debug|Any CPU
		{431CDE24-8188-F7A5-E317-53AB6D612DF0}.Debug|Any CPU.Build.0 = Debug|Any CPU
		{431CDE24-8188-F7A5-E317-53AB6D612DF0}.Release|Any CPU.ActiveCfg = Release|Any CPU
		{431CDE24-8188-F7A5-E317-53AB6D612DF0}.Release|Any CPU.Build.0 = Release|Any CPU
	EndGlobalSection
	GlobalSection(SolutionProperties) = preSolution
		HideSolutionNode = FALSE
	EndGlobalSection
EndGlobal
